
Microsoft Visual Studio Solution File, Format Version 12.00
# Visual Studio 2012
Project("{2150E333-8FDC-42A3-9474-1A3956D46DE8}") = "07-MLD.TempProject", "07-MLD.TempProject", "{0C237301-001F-43B6-87B7-0356F03EE18B}"
EndProject
Project("{2150E333-8FDC-42A3-9474-1A3956D46DE8}") = "01-MLD.PresentationLayer", "01-MLD.PresentationLayer", "{311A1759-252D-4993-82C3-579A174DE87A}"
EndProject
Project("{2150E333-8FDC-42A3-9474-1A3956D46DE8}") = "06-MLD.CommonLibrary", "06-MLD.CommonLibrary", "{CDAE234A-D9DF-4189-B290-C23E21F9C9DC}"
EndProject
Project("{2150E333-8FDC-42A3-9474-1A3956D46DE8}") = "08-MLD.UnitTest", "08-MLD.UnitTest", "{25AA7571-44F6-49D6-8D08-17134E2E0FD7}"
EndProject
Project("{2150E333-8FDC-42A3-9474-1A3956D46DE8}") = "04-MLD.Repository", "04-MLD.Repository", "{6089842C-9C0F-45A7-AE67-7B1EA2382000}"
EndProject
Project("{2150E333-8FDC-42A3-9474-1A3956D46DE8}") = "02-MLD.Domain", "02-MLD.Domain", "{2F8AB176-C79E-44F2-9616-5F8153E68014}"
EndProject
Project("{2150E333-8FDC-42A3-9474-1A3956D46DE8}") = "03-MLD.ServiceLayer", "03-MLD.ServiceLayer", "{25B0F633-7452-4179-BB94-BC0A30E77FB8}"
EndProject
Project("{2150E333-8FDC-42A3-9474-1A3956D46DE8}") = "05-MLD.Model", "05-MLD.Model", "{789C2D64-2649-48F5-9766-3AEA5C7BDE3B}"
EndProject
Project("{FAE04EC0-301F-11D3-BF4B-00C04F79EFBC}") = "MLD.Domain", "MLD.Domain\MLD.Domain.csproj", "{52717945-1E1D-4174-80DB-9C504A6E81FA}"
EndProject
Project("{FAE04EC0-301F-11D3-BF4B-00C04F79EFBC}") = "MLD.IService", "MLD.IService\MLD.IService.csproj", "{3B4B1E9A-CBC1-4F44-B340-D42038290A58}"
EndProject
Project("{FAE04EC0-301F-11D3-BF4B-00C04F79EFBC}") = "MLD.Service", "MLD.Service\MLD.Service.csproj", "{80EC4A70-FCF8-4383-9DF4-BDBD1869887C}"
EndProject
Project("{FAE04EC0-301F-11D3-BF4B-00C04F79EFBC}") = "MLD.IRepository", "MLD.IRepository\MLD.IRepository.csproj", "{D8E5D4E3-DAAE-4721-9A3A-DE8E2A35D99B}"
EndProject
Project("{FAE04EC0-301F-11D3-BF4B-00C04F79EFBC}") = "MLD.Repository", "MLD.Repository\MLD.Repository.csproj", "{B1B1CF20-A8E0-4319-9124-F56E2384A159}"
EndProject
Project("{FAE04EC0-301F-11D3-BF4B-00C04F79EFBC}") = "MLD.Data", "MLD.Data\MLD.Data.csproj", "{B1B48A97-3A8B-4511-9E18-332590E202BB}"
EndProject
Project("{FAE04EC0-301F-11D3-BF4B-00C04F79EFBC}") = "MLD.Entity", "MLD.Entity\MLD.Entity.csproj", "{8E2F7B93-B582-4A2B-9AFE-2E76E97126D7}"
EndProject
Project("{FAE04EC0-301F-11D3-BF4B-00C04F79EFBC}") = "MLD.Library", "MLD.Library\MLD.Library.csproj", "{1FFA2CD0-466B-43E7-A113-88B339842B16}"
EndProject
Project("{FAE04EC0-301F-11D3-BF4B-00C04F79EFBC}") = "MLD.IPresentation", "MLD.IPresentation\MLD.IPresentation.csproj", "{57CB83A7-3B94-44B4-ABE8-F75A33889EE7}"
EndProject
Project("{FAE04EC0-301F-11D3-BF4B-00C04F79EFBC}") = "MLD.Template", "MLD.Template\MLD.Template.csproj", "{71E3018F-8C80-4D61-8BA3-C90B44CDE746}"
EndProject
Project("{FAE04EC0-301F-11D3-BF4B-00C04F79EFBC}") = "MLD.UnitTest", "MLD.UnitTest\MLD.UnitTest.csproj", "{67BB1ECF-2FCA-41A9-B1E8-351D744761D9}"
EndProject
Project("{2150E333-8FDC-42A3-9474-1A3956D46DE8}") = ".nuget", ".nuget", "{E1BD0423-333C-4823-828F-134A52589297}"
	ProjectSection(SolutionItems) = preProject
		.nuget\NuGet.Config = .nuget\NuGet.Config
		.nuget\NuGet.exe = .nuget\NuGet.exe
		.nuget\NuGet.targets = .nuget\NuGet.targets
	EndProjectSection
EndProject
Project("{FAE04EC0-301F-11D3-BF4B-00C04F79EFBC}") = "MVC", "MVC\MVC.csproj", "{7E37CD30-8A13-40EC-85DF-D09C5A9C177C}"
EndProject
Project("{FAE04EC0-301F-11D3-BF4B-00C04F79EFBC}") = "MLD.ViewModel", "MLD.ViewModel\MLD.ViewModel.csproj", "{F74878F1-1912-44FD-A7FC-B17151D2F3A0}"
EndProject
Global
	GlobalSection(SolutionConfigurationPlatforms) = preSolution
		Debug|Any CPU = Debug|Any CPU
		Release|Any CPU = Release|Any CPU
	EndGlobalSection
	GlobalSection(ProjectConfigurationPlatforms) = postSolution
		{52717945-1E1D-4174-80DB-9C504A6E81FA}.Debug|Any CPU.ActiveCfg = Debug|Any CPU
		{52717945-1E1D-4174-80DB-9C504A6E81FA}.Debug|Any CPU.Build.0 = Debug|Any CPU
		{52717945-1E1D-4174-80DB-9C504A6E81FA}.Release|Any CPU.ActiveCfg = Release|Any CPU
		{52717945-1E1D-4174-80DB-9C504A6E81FA}.Release|Any CPU.Build.0 = Release|Any CPU
		{3B4B1E9A-CBC1-4F44-B340-D42038290A58}.Debug|Any CPU.ActiveCfg = Debug|Any CPU
		{3B4B1E9A-CBC1-4F44-B340-D42038290A58}.Debug|Any CPU.Build.0 = Debug|Any CPU
		{3B4B1E9A-CBC1-4F44-B340-D42038290A58}.Release|Any CPU.ActiveCfg = Release|Any CPU
		{3B4B1E9A-CBC1-4F44-B340-D42038290A58}.Release|Any CPU.Build.0 = Release|Any CPU
		{80EC4A70-FCF8-4383-9DF4-BDBD1869887C}.Debug|Any CPU.ActiveCfg = Debug|Any CPU
		{80EC4A70-FCF8-4383-9DF4-BDBD1869887C}.Debug|Any CPU.Build.0 = Debug|Any CPU
		{80EC4A70-FCF8-4383-9DF4-BDBD1869887C}.Release|Any CPU.ActiveCfg = Release|Any CPU
		{80EC4A70-FCF8-4383-9DF4-BDBD1869887C}.Release|Any CPU.Build.0 = Release|Any CPU
		{D8E5D4E3-DAAE-4721-9A3A-DE8E2A35D99B}.Debug|Any CPU.ActiveCfg = Debug|Any CPU
		{D8E5D4E3-DAAE-4721-9A3A-DE8E2A35D99B}.Debug|Any CPU.Build.0 = Debug|Any CPU
		{D8E5D4E3-DAAE-4721-9A3A-DE8E2A35D99B}.Release|Any CPU.ActiveCfg = Release|Any CPU
		{D8E5D4E3-DAAE-4721-9A3A-DE8E2A35D99B}.Release|Any CPU.Build.0 = Release|Any CPU
		{B1B1CF20-A8E0-4319-9124-F56E2384A159}.Debug|Any CPU.ActiveCfg = Debug|Any CPU
		{B1B1CF20-A8E0-4319-9124-F56E2384A159}.Debug|Any CPU.Build.0 = Debug|Any CPU
		{B1B1CF20-A8E0-4319-9124-F56E2384A159}.Release|Any CPU.ActiveCfg = Release|Any CPU
		{B1B1CF20-A8E0-4319-9124-F56E2384A159}.Release|Any CPU.Build.0 = Release|Any CPU
		{B1B48A97-3A8B-4511-9E18-332590E202BB}.Debug|Any CPU.ActiveCfg = Debug|Any CPU
		{B1B48A97-3A8B-4511-9E18-332590E202BB}.Debug|Any CPU.Build.0 = Debug|Any CPU
		{B1B48A97-3A8B-4511-9E18-332590E202BB}.Release|Any CPU.ActiveCfg = Release|Any CPU
		{B1B48A97-3A8B-4511-9E18-332590E202BB}.Release|Any CPU.Build.0 = Release|Any CPU
		{8E2F7B93-B582-4A2B-9AFE-2E76E97126D7}.Debug|Any CPU.ActiveCfg = Debug|Any CPU
		{8E2F7B93-B582-4A2B-9AFE-2E76E97126D7}.Debug|Any CPU.Build.0 = Debug|Any CPU
		{8E2F7B93-B582-4A2B-9AFE-2E76E97126D7}.Release|Any CPU.ActiveCfg = Release|Any CPU
		{8E2F7B93-B582-4A2B-9AFE-2E76E97126D7}.Release|Any CPU.Build.0 = Release|Any CPU
		{1FFA2CD0-466B-43E7-A113-88B339842B16}.Debug|Any CPU.ActiveCfg = Debug|Any CPU
		{1FFA2CD0-466B-43E7-A113-88B339842B16}.Debug|Any CPU.Build.0 = Debug|Any CPU
		{1FFA2CD0-466B-43E7-A113-88B339842B16}.Release|Any CPU.ActiveCfg = Release|Any CPU
		{1FFA2CD0-466B-43E7-A113-88B339842B16}.Release|Any CPU.Build.0 = Release|Any CPU
		{57CB83A7-3B94-44B4-ABE8-F75A33889EE7}.Debug|Any CPU.ActiveCfg = Debug|Any CPU
		{57CB83A7-3B94-44B4-ABE8-F75A33889EE7}.Debug|Any CPU.Build.0 = Debug|Any CPU
		{57CB83A7-3B94-44B4-ABE8-F75A33889EE7}.Release|Any CPU.ActiveCfg = Release|Any CPU
		{57CB83A7-3B94-44B4-ABE8-F75A33889EE7}.Release|Any CPU.Build.0 = Release|Any CPU
		{71E3018F-8C80-4D61-8BA3-C90B44CDE746}.Debug|Any CPU.ActiveCfg = Debug|Any CPU
		{71E3018F-8C80-4D61-8BA3-C90B44CDE746}.Debug|Any CPU.Build.0 = Debug|Any CPU
		{71E3018F-8C80-4D61-8BA3-C90B44CDE746}.Release|Any CPU.ActiveCfg = Release|Any CPU
		{71E3018F-8C80-4D61-8BA3-C90B44CDE746}.Release|Any CPU.Build.0 = Release|Any CPU
		{67BB1ECF-2FCA-41A9-B1E8-351D744761D9}.Debug|Any CPU.ActiveCfg = Debug|Any CPU
		{67BB1ECF-2FCA-41A9-B1E8-351D744761D9}.Debug|Any CPU.Build.0 = Debug|Any CPU
		{67BB1ECF-2FCA-41A9-B1E8-351D744761D9}.Release|Any CPU.ActiveCfg = Release|Any CPU
		{67BB1ECF-2FCA-41A9-B1E8-351D744761D9}.Release|Any CPU.Build.0 = Release|Any CPU
		{7E37CD30-8A13-40EC-85DF-D09C5A9C177C}.Debug|Any CPU.ActiveCfg = Debug|Any CPU
		{7E37CD30-8A13-40EC-85DF-D09C5A9C177C}.Debug|Any CPU.Build.0 = Debug|Any CPU
		{7E37CD30-8A13-40EC-85DF-D09C5A9C177C}.Release|Any CPU.ActiveCfg = Release|Any CPU
		{7E37CD30-8A13-40EC-85DF-D09C5A9C177C}.Release|Any CPU.Build.0 = Release|Any CPU
		{F74878F1-1912-44FD-A7FC-B17151D2F3A0}.Debug|Any CPU.ActiveCfg = Debug|Any CPU
		{F74878F1-1912-44FD-A7FC-B17151D2F3A0}.Debug|Any CPU.Build.0 = Debug|Any CPU
		{F74878F1-1912-44FD-A7FC-B17151D2F3A0}.Release|Any CPU.ActiveCfg = Release|Any CPU
		{F74878F1-1912-44FD-A7FC-B17151D2F3A0}.Release|Any CPU.Build.0 = Release|Any CPU
	EndGlobalSection
	GlobalSection(SolutionProperties) = preSolution
		HideSolutionNode = FALSE
	EndGlobalSection
	GlobalSection(NestedProjects) = preSolution
		{71E3018F-8C80-4D61-8BA3-C90B44CDE746} = {0C237301-001F-43B6-87B7-0356F03EE18B}
		{57CB83A7-3B94-44B4-ABE8-F75A33889EE7} = {311A1759-252D-4993-82C3-579A174DE87A}
		{7E37CD30-8A13-40EC-85DF-D09C5A9C177C} = {311A1759-252D-4993-82C3-579A174DE87A}
		{1FFA2CD0-466B-43E7-A113-88B339842B16} = {CDAE234A-D9DF-4189-B290-C23E21F9C9DC}
		{67BB1ECF-2FCA-41A9-B1E8-351D744761D9} = {25AA7571-44F6-49D6-8D08-17134E2E0FD7}
		{D8E5D4E3-DAAE-4721-9A3A-DE8E2A35D99B} = {6089842C-9C0F-45A7-AE67-7B1EA2382000}
		{B1B1CF20-A8E0-4319-9124-F56E2384A159} = {6089842C-9C0F-45A7-AE67-7B1EA2382000}
		{52717945-1E1D-4174-80DB-9C504A6E81FA} = {2F8AB176-C79E-44F2-9616-5F8153E68014}
		{3B4B1E9A-CBC1-4F44-B340-D42038290A58} = {25B0F633-7452-4179-BB94-BC0A30E77FB8}
		{80EC4A70-FCF8-4383-9DF4-BDBD1869887C} = {25B0F633-7452-4179-BB94-BC0A30E77FB8}
		{B1B48A97-3A8B-4511-9E18-332590E202BB} = {789C2D64-2649-48F5-9766-3AEA5C7BDE3B}
		{8E2F7B93-B582-4A2B-9AFE-2E76E97126D7} = {789C2D64-2649-48F5-9766-3AEA5C7BDE3B}
		{F74878F1-1912-44FD-A7FC-B17151D2F3A0} = {789C2D64-2649-48F5-9766-3AEA5C7BDE3B}
	EndGlobalSection
EndGlobal
